uuid: 3ab9b744-6520-4c56-8b9e-8ffb540845ad
langcode: en
status: true
dependencies:
  content:
    - 'block_content:timeline_block:f6134bc7-271a-4a93-b0aa-8ef813ac2591'
  module:
    - block_content
    - system
  theme:
    - badcamp_2018
id: timelineblock
theme: badcamp_2018
region: content
weight: 0
provider: null
plugin: 'block_content:f6134bc7-271a-4a93-b0aa-8ef813ac2591'
settings:
  id: 'block_content:f6134bc7-271a-4a93-b0aa-8ef813ac2591'
  label: 'Timeline Block'
  provider: block_content
  label_display: '0'
  status: true
  info: ''
  view_mode: full
visibility:
  request_path:
    id: request_path
    pages: /about
    negate: false
    context_mapping: {  }
